
Microsoft Visual Studio Solution File, Format Version 12.00
# Visual Studio 15
Project("{FAE04EC0-301F-11D3-BF4B-00C04F79EFBC}") = "Unity.Timeline", "Unity.Timeline.csproj", "{38B2540E-7A84-E585-A6A1-E64FABEA243D}"
EndProject
Project("{FAE04EC0-301F-11D3-BF4B-00C04F79EFBC}") = "Unity.InputSystem", "Unity.InputSystem.csproj", "{30553FCE-E386-513B-5C71-14E90EE438D9}"
EndProject
Project("{FAE04EC0-301F-11D3-BF4B-00C04F79EFBC}") = "Unity.ShaderGraph.Editor", "Unity.ShaderGraph.Editor.csproj", "{596A8BD8-6263-A50A-495A-765590AB15E2}"
EndProject
Project("{FAE04EC0-301F-11D3-BF4B-00C04F79EFBC}") = "Unity.XR.Management", "Unity.XR.Management.csproj", "{83FC4603-B4D5-B3CB-019E-74DC0F5B8AAA}"
EndProject
Project("{FAE04EC0-301F-11D3-BF4B-00C04F79EFBC}") = "Unity.VisualScripting.Flow", "Unity.VisualScripting.Flow.csproj", "{1BE57AAE-959A-73E1-144B-849FFB057066}"
EndProject
Project("{FAE04EC0-301F-11D3-BF4B-00C04F79EFBC}") = "Unity.XR.Interaction.Toolkit", "Unity.XR.Interaction.Toolkit.csproj", "{5459298F-4566-A26A-3A66-F4C9DBA2214C}"
EndProject
Project("{FAE04EC0-301F-11D3-BF4B-00C04F79EFBC}") = "Unity.RenderPipelines.Universal.Runtime", "Unity.RenderPipelines.Universal.Runtime.csproj", "{D76AD4B5-816F-5051-7D11-A17932983A2D}"
EndProject
Project("{FAE04EC0-301F-11D3-BF4B-00C04F79EFBC}") = "UnityEditor.UI", "UnityEditor.UI.csproj", "{16D1105C-D9E2-81EC-F7D6-FBED6BAECEF5}"
EndProject
Project("{FAE04EC0-301F-11D3-BF4B-00C04F79EFBC}") = "Unity.XR.Interaction.Toolkit.Editor", "Unity.XR.Interaction.Toolkit.Editor.csproj", "{F76B4A7D-DA68-3E54-8789-21566610749D}"
EndProject
Project("{FAE04EC0-301F-11D3-BF4B-00C04F79EFBC}") = "Unity.XR.CoreUtils.Editor", "Unity.XR.CoreUtils.Editor.csproj", "{508B5C6A-D4A8-2E0B-F60F-A78C2AD96FF1}"
EndProject
Project("{FAE04EC0-301F-11D3-BF4B-00C04F79EFBC}") = "Unity.Timeline.Editor", "Unity.Timeline.Editor.csproj", "{06487651-0FD8-CE88-ADE8-DCB33CB8B8BF}"
EndProject
Project("{FAE04EC0-301F-11D3-BF4B-00C04F79EFBC}") = "Unity.PlasticSCM.Editor", "Unity.PlasticSCM.Editor.csproj", "{B883764C-4A10-2C2F-A023-89826E62EDC1}"
EndProject
Project("{FAE04EC0-301F-11D3-BF4B-00C04F79EFBC}") = "Unity.RenderPipelines.Core.Runtime", "Unity.RenderPipelines.Core.Runtime.csproj", "{437720EA-1B57-A54D-0974-DB042EA0DD7C}"
EndProject
Project("{FAE04EC0-301F-11D3-BF4B-00C04F79EFBC}") = "Unity.Mathematics", "Unity.Mathematics.csproj", "{582DA97B-B05B-49A2-5E38-52090B2CECF2}"
EndProject
Project("{FAE04EC0-301F-11D3-BF4B-00C04F79EFBC}") = "Unity.RenderPipelines.Core.Editor", "Unity.RenderPipelines.Core.Editor.csproj", "{D3FF4176-C72C-B9B7-1A0E-CB77BF76FCA7}"
EndProject
Project("{FAE04EC0-301F-11D3-BF4B-00C04F79EFBC}") = "Unity.VisualScripting.Core.Editor", "Unity.VisualScripting.Core.Editor.csproj", "{F4272769-7284-5158-7AB9-BE9618D87814}"
EndProject
Project("{FAE04EC0-301F-11D3-BF4B-00C04F79EFBC}") = "UnityEditor.TestRunner", "UnityEditor.TestRunner.csproj", "{07B7D608-C2F3-4A51-09C0-30CC147DA15F}"
EndProject
Project("{FAE04EC0-301F-11D3-BF4B-00C04F79EFBC}") = "Unity.XR.CoreUtils", "Unity.XR.CoreUtils.csproj", "{04D44462-F86E-EC00-2F49-29C160AC8CE0}"
EndProject
Project("{FAE04EC0-301F-11D3-BF4B-00C04F79EFBC}") = "Unity.RenderPipelines.Universal.Editor", "Unity.RenderPipelines.Universal.Editor.csproj", "{E2D578FB-2CC6-A758-7546-CE1495EB1A72}"
EndProject
Project("{FAE04EC0-301F-11D3-BF4B-00C04F79EFBC}") = "Unity.TextMeshPro.Editor", "Unity.TextMeshPro.Editor.csproj", "{EEF5F2C4-7383-4BB2-29DE-914978EA219D}"
EndProject
Project("{FAE04EC0-301F-11D3-BF4B-00C04F79EFBC}") = "Unity.VisualScripting.Flow.Editor", "Unity.VisualScripting.Flow.Editor.csproj", "{D3DF5543-15BA-8330-B291-26BA03846AC5}"
EndProject
Project("{FAE04EC0-301F-11D3-BF4B-00C04F79EFBC}") = "UnityEngine.TestRunner", "UnityEngine.TestRunner.csproj", "{DC3F8C89-0FE0-69F8-2C67-43CB367436BA}"
EndProject
Project("{FAE04EC0-301F-11D3-BF4B-00C04F79EFBC}") = "Unity.VisualScripting.Core", "Unity.VisualScripting.Core.csproj", "{A795D34A-EB52-DEC5-ED4B-6EC606AE885E}"
EndProject
Project("{FAE04EC0-301F-11D3-BF4B-00C04F79EFBC}") = "Unity.Searcher.Editor", "Unity.Searcher.Editor.csproj", "{DD9A5EE8-EB90-2480-E8E7-436A4DC2B85A}"
EndProject
Project("{FAE04EC0-301F-11D3-BF4B-00C04F79EFBC}") = "Unity.Burst", "Unity.Burst.csproj", "{4D6C6DF1-C6E4-DA6B-377C-2EB96891CCC7}"
EndProject
Project("{FAE04EC0-301F-11D3-BF4B-00C04F79EFBC}") = "Unity.XR.Oculus", "Unity.XR.Oculus.csproj", "{5C18414E-216C-16E7-A0A1-F29FF249FE23}"
EndProject
Project("{FAE04EC0-301F-11D3-BF4B-00C04F79EFBC}") = "Assembly-CSharp", "Assembly-CSharp.csproj", "{9AA3938F-8259-6743-46D2-47AB0CDE9BE8}"
EndProject
Project("{FAE04EC0-301F-11D3-BF4B-00C04F79EFBC}") = "Unity.VisualStudio.Editor", "Unity.VisualStudio.Editor.csproj", "{440DBBCF-ECEE-2504-BB8C-E45A6B2BBCCE}"
EndProject
Project("{FAE04EC0-301F-11D3-BF4B-00C04F79EFBC}") = "Unity.XR.Oculus.Editor", "Unity.XR.Oculus.Editor.csproj", "{5C3D19D6-07E7-4B3C-0BDA-41ACDD4E47D1}"
EndProject
Project("{FAE04EC0-301F-11D3-BF4B-00C04F79EFBC}") = "PPv2URPConverters", "PPv2URPConverters.csproj", "{7D328B06-AFE7-7A37-F5FE-F1FC1C1D0BF2}"
EndProject
Project("{FAE04EC0-301F-11D3-BF4B-00C04F79EFBC}") = "Unity.XR.OpenXR", "Unity.XR.OpenXR.csproj", "{791781EC-5F15-10C7-589A-702A489951A8}"
EndProject
Project("{FAE04EC0-301F-11D3-BF4B-00C04F79EFBC}") = "Unity.Rider.Editor", "Unity.Rider.Editor.csproj", "{F9A9CE6F-F34C-6940-9A31-7E25A4717DA4}"
EndProject
Project("{FAE04EC0-301F-11D3-BF4B-00C04F79EFBC}") = "Unity.XR.OpenXR.Editor", "Unity.XR.OpenXR.Editor.csproj", "{C1A8BE70-592A-0647-C8B6-54AB9C2DD30B}"
EndProject
Project("{FAE04EC0-301F-11D3-BF4B-00C04F79EFBC}") = "Unity.VisualScripting.State.Editor", "Unity.VisualScripting.State.Editor.csproj", "{9589BB4F-C1B3-4D2B-5EF4-240A196017A5}"
EndProject
Project("{FAE04EC0-301F-11D3-BF4B-00C04F79EFBC}") = "UnityEngine.UI", "UnityEngine.UI.csproj", "{613565D4-418A-E54D-D8B3-B8B3D3C7BBE1}"
EndProject
Project("{FAE04EC0-301F-11D3-BF4B-00C04F79EFBC}") = "Unity.Burst.CodeGen", "Unity.Burst.CodeGen.csproj", "{95346C22-4585-893D-320E-4C304558A22E}"
EndProject
Project("{FAE04EC0-301F-11D3-BF4B-00C04F79EFBC}") = "Unity.Postprocessing.Runtime", "Unity.Postprocessing.Runtime.csproj", "{D4CFAA70-F8F2-EDEA-D7E3-F3B069925F25}"
EndProject
Project("{FAE04EC0-301F-11D3-BF4B-00C04F79EFBC}") = "Unity.RenderPipeline.Universal.ShaderLibrary", "Unity.RenderPipeline.Universal.ShaderLibrary.csproj", "{B8CE385D-E7E1-72A3-2B41-48352DC9936E}"
EndProject
Project("{FAE04EC0-301F-11D3-BF4B-00C04F79EFBC}") = "Unity.Postprocessing.Editor", "Unity.Postprocessing.Editor.csproj", "{3B85ECB7-F097-B763-1645-2ECCCDB0EC4B}"
EndProject
Project("{FAE04EC0-301F-11D3-BF4B-00C04F79EFBC}") = "Unity.VisualScripting.State", "Unity.VisualScripting.State.csproj", "{114F12A6-2909-6864-0C29-49360B9CE4D8}"
EndProject
Project("{FAE04EC0-301F-11D3-BF4B-00C04F79EFBC}") = "Unity.TextMeshPro", "Unity.TextMeshPro.csproj", "{C885585A-A37F-C626-F543-E7AA672070B1}"
EndProject
Project("{FAE04EC0-301F-11D3-BF4B-00C04F79EFBC}") = "Unity.XR.Management.Editor", "Unity.XR.Management.Editor.csproj", "{03F76125-D24F-EF97-72D9-B54C304A1493}"
EndProject
Project("{FAE04EC0-301F-11D3-BF4B-00C04F79EFBC}") = "Meta.XR.Audio.Editor", "Meta.XR.Audio.Editor.csproj", "{F512B317-A75A-8854-D499-CD9302161B3D}"
EndProject
Project("{FAE04EC0-301F-11D3-BF4B-00C04F79EFBC}") = "Unity.VisualScripting.SettingsProvider.Editor", "Unity.VisualScripting.SettingsProvider.Editor.csproj", "{9138F3F4-2DE5-A8A4-5BB8-50D299827122}"
EndProject
Project("{FAE04EC0-301F-11D3-BF4B-00C04F79EFBC}") = "Unity.VSCode.Editor", "Unity.VSCode.Editor.csproj", "{D11B1D04-76F4-C33B-0857-BFC4B1B681D3}"
EndProject
Project("{FAE04EC0-301F-11D3-BF4B-00C04F79EFBC}") = "Unity.Burst.Editor", "Unity.Burst.Editor.csproj", "{C0B3C94F-3314-A6E2-BE9E-0B64DE1A35AF}"
EndProject
Project("{FAE04EC0-301F-11D3-BF4B-00C04F79EFBC}") = "UnityEngine.SpatialTracking", "UnityEngine.SpatialTracking.csproj", "{3CFFFC9B-2D2E-B3AC-18E8-CD5D52E09987}"
EndProject
Project("{FAE04EC0-301F-11D3-BF4B-00C04F79EFBC}") = "Unity.InputSystem.ForUI", "Unity.InputSystem.ForUI.csproj", "{3CC08F64-B3FB-3BE5-23CD-47CE97427F30}"
EndProject
Project("{FAE04EC0-301F-11D3-BF4B-00C04F79EFBC}") = "Unity.Mathematics.Editor", "Unity.Mathematics.Editor.csproj", "{430ED655-9D42-B86A-E384-AAC184112EA1}"
EndProject
Project("{FAE04EC0-301F-11D3-BF4B-00C04F79EFBC}") = "Meta.XR.Audio", "Meta.XR.Audio.csproj", "{512A2EC8-93A1-5100-D39D-12D7669296E9}"
EndProject
Project("{FAE04EC0-301F-11D3-BF4B-00C04F79EFBC}") = "UnityEditor.SpatialTracking", "UnityEditor.SpatialTracking.csproj", "{7D23C5CB-FB0E-14BD-6E40-2A5D2B2A8E79}"
EndProject
Project("{FAE04EC0-301F-11D3-BF4B-00C04F79EFBC}") = "Unity.XR.OpenXR.Features.MetaQuestSupport.Editor", "Unity.XR.OpenXR.Features.MetaQuestSupport.Editor.csproj", "{C09EA8A0-B3CC-C598-B802-088F8199A022}"
EndProject
Project("{FAE04EC0-301F-11D3-BF4B-00C04F79EFBC}") = "Unity.InputSystem.TestFramework", "Unity.InputSystem.TestFramework.csproj", "{2895B4D8-4934-2EB4-0591-459E9DBE9E33}"
EndProject
Project("{FAE04EC0-301F-11D3-BF4B-00C04F79EFBC}") = "Unity.XR.OpenXR.Features.RuntimeDebugger.Editor", "Unity.XR.OpenXR.Features.RuntimeDebugger.Editor.csproj", "{63943CF7-E43A-7DF9-59BD-93DE5ABA4512}"
EndProject
Project("{FAE04EC0-301F-11D3-BF4B-00C04F79EFBC}") = "UnityEditor.XR.LegacyInputHelpers", "UnityEditor.XR.LegacyInputHelpers.csproj", "{5F08E6A2-A62F-22C3-9496-9888168705CE}"
EndProject
Project("{FAE04EC0-301F-11D3-BF4B-00C04F79EFBC}") = "Unity.ShaderGraph.Utilities", "Unity.ShaderGraph.Utilities.csproj", "{6266C408-9806-3D30-3C81-4E0B7992F25B}"
EndProject
Project("{FAE04EC0-301F-11D3-BF4B-00C04F79EFBC}") = "Unity.VisualScripting.Shared.Editor", "Unity.VisualScripting.Shared.Editor.csproj", "{584C6318-D03A-1FAD-020C-FA0CF716F16B}"
EndProject
Project("{FAE04EC0-301F-11D3-BF4B-00C04F79EFBC}") = "Unity.XR.OpenXR.Features.OculusQuestSupport.Editor", "Unity.XR.OpenXR.Features.OculusQuestSupport.Editor.csproj", "{025FB491-9555-DA5C-2324-9B388262FE5B}"
EndProject
Project("{FAE04EC0-301F-11D3-BF4B-00C04F79EFBC}") = "Unity.XR.OpenXR.Features.ConformanceAutomation", "Unity.XR.OpenXR.Features.ConformanceAutomation.csproj", "{572A2E14-E0B9-5CD9-71C8-F49A7CB0EEE2}"
EndProject
Project("{FAE04EC0-301F-11D3-BF4B-00C04F79EFBC}") = "UnityEngine.XR.LegacyInputHelpers", "UnityEngine.XR.LegacyInputHelpers.csproj", "{E5B22769-DEAE-C3CE-6174-B3D0B7CA74A9}"
EndProject
Project("{FAE04EC0-301F-11D3-BF4B-00C04F79EFBC}") = "Unity.XR.Interaction.Toolkit.Samples.StarterAssets.Editor", "Unity.XR.Interaction.Toolkit.Samples.StarterAssets.Editor.csproj", "{18858678-A44E-6314-D78A-C9385F0DF10F}"
EndProject
Project("{FAE04EC0-301F-11D3-BF4B-00C04F79EFBC}") = "Unity.XR.OpenXR.Features.OculusQuestSupport", "Unity.XR.OpenXR.Features.OculusQuestSupport.csproj", "{97D9D829-A999-0676-FD5C-758F13748E59}"
EndProject
Project("{FAE04EC0-301F-11D3-BF4B-00C04F79EFBC}") = "Unity.XR.OpenXR.Features.MockRuntime", "Unity.XR.OpenXR.Features.MockRuntime.csproj", "{876A42A4-6BDE-FF69-6B55-31920F979EBE}"
EndProject
Project("{FAE04EC0-301F-11D3-BF4B-00C04F79EFBC}") = "Unity.XR.Interaction.Toolkit.Samples.StarterAssets", "Unity.XR.Interaction.Toolkit.Samples.StarterAssets.csproj", "{2433B006-9E49-69F6-9965-2667E2F8CBE5}"
EndProject
Project("{FAE04EC0-301F-11D3-BF4B-00C04F79EFBC}") = "Unity.XR.OpenXR.Features.RuntimeDebugger", "Unity.XR.OpenXR.Features.RuntimeDebugger.csproj", "{C2F58A98-44C3-3980-C7D6-1AB58F36EEFE}"
EndProject
Project("{FAE04EC0-301F-11D3-BF4B-00C04F79EFBC}") = "Unity.XR.OpenXR.Features.MetaQuestSupport", "Unity.XR.OpenXR.Features.MetaQuestSupport.csproj", "{C3063B7B-8900-7BD8-0F17-BEB2BB8E5555}"
EndProject
Project("{FAE04EC0-301F-11D3-BF4B-00C04F79EFBC}") = "Unity.RenderPipelines.Universal.Config.Runtime", "Unity.RenderPipelines.Universal.Config.Runtime.csproj", "{BBBC8F18-F411-2470-E3FE-10AC257DB65F}"
EndProject
Project("{FAE04EC0-301F-11D3-BF4B-00C04F79EFBC}") = "Unity.CollabProxy.Editor", "Unity.CollabProxy.Editor.csproj", "{C5DAAB86-B3D3-96BD-C393-2FE70770607D}"
EndProject
Project("{FAE04EC0-301F-11D3-BF4B-00C04F79EFBC}") = "Unity.RenderPipelines.ShaderGraph.ShaderGraphLibrary", "Unity.RenderPipelines.ShaderGraph.ShaderGraphLibrary.csproj", "{E318FC7D-75F0-E7E9-D0CE-03B5893F7195}"
EndProject
Project("{FAE04EC0-301F-11D3-BF4B-00C04F79EFBC}") = "Unity.RenderPipelines.Core.ShaderLibrary", "Unity.RenderPipelines.Core.ShaderLibrary.csproj", "{D11F4555-AC28-2206-691A-D6FD4AC34596}"
EndProject
Project("{FAE04EC0-301F-11D3-BF4B-00C04F79EFBC}") = "Unity.RenderPipelines.Universal.Shaders", "Unity.RenderPipelines.Universal.Shaders.csproj", "{F99F2D89-1F4B-0D54-EBA2-F51BD8040E32}"
EndProject
Project("{FAE04EC0-301F-11D3-BF4B-00C04F79EFBC}") = "Unity.Timeline", "Unity.Timeline.Player.csproj", "{AFB63C66-E762-5161-ECE1-39F8177C817B}"
EndProject
Project("{FAE04EC0-301F-11D3-BF4B-00C04F79EFBC}") = "Unity.InputSystem", "Unity.InputSystem.Player.csproj", "{57635108-6B39-DA7F-DE93-106965BA86C1}"
EndProject
Project("{FAE04EC0-301F-11D3-BF4B-00C04F79EFBC}") = "Unity.XR.Management", "Unity.XR.Management.Player.csproj", "{F99E091D-541E-D7D4-31B3-360D37B60CDD}"
EndProject
Project("{FAE04EC0-301F-11D3-BF4B-00C04F79EFBC}") = "Unity.VisualScripting.Flow", "Unity.VisualScripting.Flow.Player.csproj", "{E76B80EB-E256-51E9-40E2-DDE614E1A392}"
EndProject
Project("{FAE04EC0-301F-11D3-BF4B-00C04F79EFBC}") = "Unity.XR.Interaction.Toolkit", "Unity.XR.Interaction.Toolkit.Player.csproj", "{F7232413-8F50-139E-D19C-E80015E36804}"
EndProject
Project("{FAE04EC0-301F-11D3-BF4B-00C04F79EFBC}") = "Unity.RenderPipelines.Universal.Runtime", "Unity.RenderPipelines.Universal.Runtime.Player.csproj", "{47A8650E-98D2-9A38-780D-D126D7228CA3}"
EndProject
Project("{FAE04EC0-301F-11D3-BF4B-00C04F79EFBC}") = "Unity.RenderPipelines.Core.Runtime", "Unity.RenderPipelines.Core.Runtime.Player.csproj", "{8711F420-CBF7-D7EE-B1C4-1E0E3B081DB2}"
EndProject
Project("{FAE04EC0-301F-11D3-BF4B-00C04F79EFBC}") = "Unity.Mathematics", "Unity.Mathematics.Player.csproj", "{A2E50D08-E1F1-81F1-54F1-2E26EE1E7DA3}"
EndProject
Project("{FAE04EC0-301F-11D3-BF4B-00C04F79EFBC}") = "Unity.XR.CoreUtils", "Unity.XR.CoreUtils.Player.csproj", "{B795FC58-ED9B-66EA-7239-9F26F76C7E2F}"
EndProject
Project("{FAE04EC0-301F-11D3-BF4B-00C04F79EFBC}") = "UnityEngine.TestRunner", "UnityEngine.TestRunner.Player.csproj", "{139010C5-F943-5DCE-4E91-3085FF7DEF03}"
EndProject
Project("{FAE04EC0-301F-11D3-BF4B-00C04F79EFBC}") = "Unity.VisualScripting.Core", "Unity.VisualScripting.Core.Player.csproj", "{DC9861FF-8831-585A-A308-C48F838BD9E7}"
EndProject
Project("{FAE04EC0-301F-11D3-BF4B-00C04F79EFBC}") = "Unity.Burst", "Unity.Burst.Player.csproj", "{921D98D5-BA8F-1437-66DA-FF1B1D302AA1}"
EndProject
Project("{FAE04EC0-301F-11D3-BF4B-00C04F79EFBC}") = "Unity.XR.Oculus", "Unity.XR.Oculus.Player.csproj", "{411F3DDB-3168-65D8-8AFA-1052DAE8E6E9}"
EndProject
Project("{FAE04EC0-301F-11D3-BF4B-00C04F79EFBC}") = "Assembly-CSharp", "Assembly-CSharp.Player.csproj", "{584A2AC0-D5F9-1A66-3D10-F41F266549A1}"
EndProject
Project("{FAE04EC0-301F-11D3-BF4B-00C04F79EFBC}") = "Unity.XR.OpenXR", "Unity.XR.OpenXR.Player.csproj", "{7E241114-9EDF-772A-A563-9510C8FB29E7}"
EndProject
Project("{FAE04EC0-301F-11D3-BF4B-00C04F79EFBC}") = "UnityEngine.UI", "UnityEngine.UI.Player.csproj", "{D793B551-10AC-9635-9C3C-A30BFB493F93}"
EndProject
Project("{FAE04EC0-301F-11D3-BF4B-00C04F79EFBC}") = "Unity.Postprocessing.Runtime", "Unity.Postprocessing.Runtime.Player.csproj", "{0E2E4560-0F09-3139-18E1-8B37CC5F0A86}"
EndProject
Project("{FAE04EC0-301F-11D3-BF4B-00C04F79EFBC}") = "Unity.RenderPipeline.Universal.ShaderLibrary", "Unity.RenderPipeline.Universal.ShaderLibrary.Player.csproj", "{C3C8F274-F518-B53B-902F-EE452B9AD3F8}"
EndProject
Project("{FAE04EC0-301F-11D3-BF4B-00C04F79EFBC}") = "Unity.VisualScripting.State", "Unity.VisualScripting.State.Player.csproj", "{537F704C-7C95-6D21-E01F-523665DDA271}"
EndProject
Project("{FAE04EC0-301F-11D3-BF4B-00C04F79EFBC}") = "Unity.TextMeshPro", "Unity.TextMeshPro.Player.csproj", "{14FCD43D-F94A-BDBC-D861-7E6604287F60}"
EndProject
Project("{FAE04EC0-301F-11D3-BF4B-00C04F79EFBC}") = "UnityEngine.SpatialTracking", "UnityEngine.SpatialTracking.Player.csproj", "{48955B45-CA5E-D8B9-23AE-FEC1CDE9B119}"
EndProject
Project("{FAE04EC0-301F-11D3-BF4B-00C04F79EFBC}") = "Unity.InputSystem.ForUI", "Unity.InputSystem.ForUI.Player.csproj", "{90AA9B63-5FF6-3F07-39C9-D692679A6B4D}"
EndProject
Project("{FAE04EC0-301F-11D3-BF4B-00C04F79EFBC}") = "Meta.XR.Audio", "Meta.XR.Audio.Player.csproj", "{E91630A3-06BB-FEC5-AE0D-F52DABC8CD29}"
EndProject
Project("{FAE04EC0-301F-11D3-BF4B-00C04F79EFBC}") = "Unity.InputSystem.TestFramework", "Unity.InputSystem.TestFramework.Player.csproj", "{131D8786-3E45-9739-160B-20FB4A5FFADF}"
EndProject
Project("{FAE04EC0-301F-11D3-BF4B-00C04F79EFBC}") = "Unity.XR.OpenXR.Features.ConformanceAutomation", "Unity.XR.OpenXR.Features.ConformanceAutomation.Player.csproj", "{B35BE9FB-4F85-4B98-B69E-6535055D09C3}"
EndProject
Project("{FAE04EC0-301F-11D3-BF4B-00C04F79EFBC}") = "UnityEngine.XR.LegacyInputHelpers", "UnityEngine.XR.LegacyInputHelpers.Player.csproj", "{23F19A3C-678C-2404-3AC1-4B800E2EB142}"
EndProject
Project("{FAE04EC0-301F-11D3-BF4B-00C04F79EFBC}") = "Unity.XR.OpenXR.Features.OculusQuestSupport", "Unity.XR.OpenXR.Features.OculusQuestSupport.Player.csproj", "{05D0E70C-51AB-9A7C-ABD4-E7DABD161586}"
EndProject
Project("{FAE04EC0-301F-11D3-BF4B-00C04F79EFBC}") = "Unity.XR.OpenXR.Features.MockRuntime", "Unity.XR.OpenXR.Features.MockRuntime.Player.csproj", "{5C8D312C-2188-E30A-894C-4D7A03C41119}"
EndProject
Project("{FAE04EC0-301F-11D3-BF4B-00C04F79EFBC}") = "Unity.XR.Interaction.Toolkit.Samples.StarterAssets", "Unity.XR.Interaction.Toolkit.Samples.StarterAssets.Player.csproj", "{95DF33E9-7691-90FC-59DA-4D2CF8240C4E}"
EndProject
Project("{FAE04EC0-301F-11D3-BF4B-00C04F79EFBC}") = "Unity.XR.OpenXR.Features.RuntimeDebugger", "Unity.XR.OpenXR.Features.RuntimeDebugger.Player.csproj", "{A547A2C0-1C0D-D154-E641-5E81F2550803}"
EndProject
Project("{FAE04EC0-301F-11D3-BF4B-00C04F79EFBC}") = "Unity.XR.OpenXR.Features.MetaQuestSupport", "Unity.XR.OpenXR.Features.MetaQuestSupport.Player.csproj", "{E7AA79F9-88E1-7288-A8DD-A810758DDD30}"
EndProject
Project("{FAE04EC0-301F-11D3-BF4B-00C04F79EFBC}") = "Unity.RenderPipelines.Universal.Config.Runtime", "Unity.RenderPipelines.Universal.Config.Runtime.Player.csproj", "{C94F854A-082D-2C3D-0313-375645D33AB1}"
EndProject
Project("{FAE04EC0-301F-11D3-BF4B-00C04F79EFBC}") = "Unity.RenderPipelines.ShaderGraph.ShaderGraphLibrary", "Unity.RenderPipelines.ShaderGraph.ShaderGraphLibrary.Player.csproj", "{9F886946-3FA6-C92E-5323-D28168EB6EBA}"
EndProject
Project("{FAE04EC0-301F-11D3-BF4B-00C04F79EFBC}") = "Unity.RenderPipelines.Core.ShaderLibrary", "Unity.RenderPipelines.Core.ShaderLibrary.Player.csproj", "{9BD92CEE-9984-7338-C4E0-FF3A1ABD3F37}"
EndProject
Project("{FAE04EC0-301F-11D3-BF4B-00C04F79EFBC}") = "Unity.RenderPipelines.Universal.Shaders", "Unity.RenderPipelines.Universal.Shaders.Player.csproj", "{936B6DB4-4E9B-821B-4575-7E0C1A2F6274}"
EndProject
Global
	GlobalSection(SolutionConfigurationPlatforms) = preSolution
		Debug|Any CPU = Debug|Any CPU
		Release|Any CPU = Release|Any CPU
	EndGlobalSection
	GlobalSection(ProjectConfigurationPlatforms) = postSolution
		{38B2540E-7A84-E585-A6A1-E64FABEA243D}.Debug|Any CPU.ActiveCfg = Debug|Any CPU
		{38B2540E-7A84-E585-A6A1-E64FABEA243D}.Debug|Any CPU.Build.0 = Debug|Any CPU
		{38B2540E-7A84-E585-A6A1-E64FABEA243D}.Release|Any CPU.ActiveCfg = Release|Any CPU
		{38B2540E-7A84-E585-A6A1-E64FABEA243D}.Release|Any CPU.Build.0 = Release|Any CPU
		{30553FCE-E386-513B-5C71-14E90EE438D9}.Debug|Any CPU.ActiveCfg = Debug|Any CPU
		{30553FCE-E386-513B-5C71-14E90EE438D9}.Debug|Any CPU.Build.0 = Debug|Any CPU
		{30553FCE-E386-513B-5C71-14E90EE438D9}.Release|Any CPU.ActiveCfg = Release|Any CPU
		{30553FCE-E386-513B-5C71-14E90EE438D9}.Release|Any CPU.Build.0 = Release|Any CPU
		{596A8BD8-6263-A50A-495A-765590AB15E2}.Debug|Any CPU.ActiveCfg = Debug|Any CPU
		{596A8BD8-6263-A50A-495A-765590AB15E2}.Debug|Any CPU.Build.0 = Debug|Any CPU
		{596A8BD8-6263-A50A-495A-765590AB15E2}.Release|Any CPU.ActiveCfg = Release|Any CPU
		{596A8BD8-6263-A50A-495A-765590AB15E2}.Release|Any CPU.Build.0 = Release|Any CPU
		{83FC4603-B4D5-B3CB-019E-74DC0F5B8AAA}.Debug|Any CPU.ActiveCfg = Debug|Any CPU
		{83FC4603-B4D5-B3CB-019E-74DC0F5B8AAA}.Debug|Any CPU.Build.0 = Debug|Any CPU
		{83FC4603-B4D5-B3CB-019E-74DC0F5B8AAA}.Release|Any CPU.ActiveCfg = Release|Any CPU
		{83FC4603-B4D5-B3CB-019E-74DC0F5B8AAA}.Release|Any CPU.Build.0 = Release|Any CPU
		{1BE57AAE-959A-73E1-144B-849FFB057066}.Debug|Any CPU.ActiveCfg = Debug|Any CPU
		{1BE57AAE-959A-73E1-144B-849FFB057066}.Debug|Any CPU.Build.0 = Debug|Any CPU
		{1BE57AAE-959A-73E1-144B-849FFB057066}.Release|Any CPU.ActiveCfg = Release|Any CPU
		{1BE57AAE-959A-73E1-144B-849FFB057066}.Release|Any CPU.Build.0 = Release|Any CPU
		{5459298F-4566-A26A-3A66-F4C9DBA2214C}.Debug|Any CPU.ActiveCfg = Debug|Any CPU
		{5459298F-4566-A26A-3A66-F4C9DBA2214C}.Debug|Any CPU.Build.0 = Debug|Any CPU
		{5459298F-4566-A26A-3A66-F4C9DBA2214C}.Release|Any CPU.ActiveCfg = Release|Any CPU
		{5459298F-4566-A26A-3A66-F4C9DBA2214C}.Release|Any CPU.Build.0 = Release|Any CPU
		{D76AD4B5-816F-5051-7D11-A17932983A2D}.Debug|Any CPU.ActiveCfg = Debug|Any CPU
		{D76AD4B5-816F-5051-7D11-A17932983A2D}.Debug|Any CPU.Build.0 = Debug|Any CPU
		{D76AD4B5-816F-5051-7D11-A17932983A2D}.Release|Any CPU.ActiveCfg = Release|Any CPU
		{D76AD4B5-816F-5051-7D11-A17932983A2D}.Release|Any CPU.Build.0 = Release|Any CPU
		{16D1105C-D9E2-81EC-F7D6-FBED6BAECEF5}.Debug|Any CPU.ActiveCfg = Debug|Any CPU
		{16D1105C-D9E2-81EC-F7D6-FBED6BAECEF5}.Debug|Any CPU.Build.0 = Debug|Any CPU
		{16D1105C-D9E2-81EC-F7D6-FBED6BAECEF5}.Release|Any CPU.ActiveCfg = Release|Any CPU
		{16D1105C-D9E2-81EC-F7D6-FBED6BAECEF5}.Release|Any CPU.Build.0 = Release|Any CPU
		{F76B4A7D-DA68-3E54-8789-21566610749D}.Debug|Any CPU.ActiveCfg = Debug|Any CPU
		{F76B4A7D-DA68-3E54-8789-21566610749D}.Debug|Any CPU.Build.0 = Debug|Any CPU
		{F76B4A7D-DA68-3E54-8789-21566610749D}.Release|Any CPU.ActiveCfg = Release|Any CPU
		{F76B4A7D-DA68-3E54-8789-21566610749D}.Release|Any CPU.Build.0 = Release|Any CPU
		{508B5C6A-D4A8-2E0B-F60F-A78C2AD96FF1}.Debug|Any CPU.ActiveCfg = Debug|Any CPU
		{508B5C6A-D4A8-2E0B-F60F-A78C2AD96FF1}.Debug|Any CPU.Build.0 = Debug|Any CPU
		{508B5C6A-D4A8-2E0B-F60F-A78C2AD96FF1}.Release|Any CPU.ActiveCfg = Release|Any CPU
		{508B5C6A-D4A8-2E0B-F60F-A78C2AD96FF1}.Release|Any CPU.Build.0 = Release|Any CPU
		{06487651-0FD8-CE88-ADE8-DCB33CB8B8BF}.Debug|Any CPU.ActiveCfg = Debug|Any CPU
		{06487651-0FD8-CE88-ADE8-DCB33CB8B8BF}.Debug|Any CPU.Build.0 = Debug|Any CPU
		{06487651-0FD8-CE88-ADE8-DCB33CB8B8BF}.Release|Any CPU.ActiveCfg = Release|Any CPU
		{06487651-0FD8-CE88-ADE8-DCB33CB8B8BF}.Release|Any CPU.Build.0 = Release|Any CPU
		{B883764C-4A10-2C2F-A023-89826E62EDC1}.Debug|Any CPU.ActiveCfg = Debug|Any CPU
		{B883764C-4A10-2C2F-A023-89826E62EDC1}.Debug|Any CPU.Build.0 = Debug|Any CPU
		{B883764C-4A10-2C2F-A023-89826E62EDC1}.Release|Any CPU.ActiveCfg = Release|Any CPU
		{B883764C-4A10-2C2F-A023-89826E62EDC1}.Release|Any CPU.Build.0 = Release|Any CPU
		{437720EA-1B57-A54D-0974-DB042EA0DD7C}.Debug|Any CPU.ActiveCfg = Debug|Any CPU
		{437720EA-1B57-A54D-0974-DB042EA0DD7C}.Debug|Any CPU.Build.0 = Debug|Any CPU
		{437720EA-1B57-A54D-0974-DB042EA0DD7C}.Release|Any CPU.ActiveCfg = Release|Any CPU
		{437720EA-1B57-A54D-0974-DB042EA0DD7C}.Release|Any CPU.Build.0 = Release|Any CPU
		{582DA97B-B05B-49A2-5E38-52090B2CECF2}.Debug|Any CPU.ActiveCfg = Debug|Any CPU
		{582DA97B-B05B-49A2-5E38-52090B2CECF2}.Debug|Any CPU.Build.0 = Debug|Any CPU
		{582DA97B-B05B-49A2-5E38-52090B2CECF2}.Release|Any CPU.ActiveCfg = Release|Any CPU
		{582DA97B-B05B-49A2-5E38-52090B2CECF2}.Release|Any CPU.Build.0 = Release|Any CPU
		{D3FF4176-C72C-B9B7-1A0E-CB77BF76FCA7}.Debug|Any CPU.ActiveCfg = Debug|Any CPU
		{D3FF4176-C72C-B9B7-1A0E-CB77BF76FCA7}.Debug|Any CPU.Build.0 = Debug|Any CPU
		{D3FF4176-C72C-B9B7-1A0E-CB77BF76FCA7}.Release|Any CPU.ActiveCfg = Release|Any CPU
		{D3FF4176-C72C-B9B7-1A0E-CB77BF76FCA7}.Release|Any CPU.Build.0 = Release|Any CPU
		{F4272769-7284-5158-7AB9-BE9618D87814}.Debug|Any CPU.ActiveCfg = Debug|Any CPU
		{F4272769-7284-5158-7AB9-BE9618D87814}.Debug|Any CPU.Build.0 = Debug|Any CPU
		{F4272769-7284-5158-7AB9-BE9618D87814}.Release|Any CPU.ActiveCfg = Release|Any CPU
		{F4272769-7284-5158-7AB9-BE9618D87814}.Release|Any CPU.Build.0 = Release|Any CPU
		{07B7D608-C2F3-4A51-09C0-30CC147DA15F}.Debug|Any CPU.ActiveCfg = Debug|Any CPU
		{07B7D608-C2F3-4A51-09C0-30CC147DA15F}.Debug|Any CPU.Build.0 = Debug|Any CPU
		{07B7D608-C2F3-4A51-09C0-30CC147DA15F}.Release|Any CPU.ActiveCfg = Release|Any CPU
		{07B7D608-C2F3-4A51-09C0-30CC147DA15F}.Release|Any CPU.Build.0 = Release|Any CPU
		{04D44462-F86E-EC00-2F49-29C160AC8CE0}.Debug|Any CPU.ActiveCfg = Debug|Any CPU
		{04D44462-F86E-EC00-2F49-29C160AC8CE0}.Debug|Any CPU.Build.0 = Debug|Any CPU
		{04D44462-F86E-EC00-2F49-29C160AC8CE0}.Release|Any CPU.ActiveCfg = Release|Any CPU
		{04D44462-F86E-EC00-2F49-29C160AC8CE0}.Release|Any CPU.Build.0 = Release|Any CPU
		{E2D578FB-2CC6-A758-7546-CE1495EB1A72}.Debug|Any CPU.ActiveCfg = Debug|Any CPU
		{E2D578FB-2CC6-A758-7546-CE1495EB1A72}.Debug|Any CPU.Build.0 = Debug|Any CPU
		{E2D578FB-2CC6-A758-7546-CE1495EB1A72}.Release|Any CPU.ActiveCfg = Release|Any CPU
		{E2D578FB-2CC6-A758-7546-CE1495EB1A72}.Release|Any CPU.Build.0 = Release|Any CPU
		{EEF5F2C4-7383-4BB2-29DE-914978EA219D}.Debug|Any CPU.ActiveCfg = Debug|Any CPU
		{EEF5F2C4-7383-4BB2-29DE-914978EA219D}.Debug|Any CPU.Build.0 = Debug|Any CPU
		{EEF5F2C4-7383-4BB2-29DE-914978EA219D}.Release|Any CPU.ActiveCfg = Release|Any CPU
		{EEF5F2C4-7383-4BB2-29DE-914978EA219D}.Release|Any CPU.Build.0 = Release|Any CPU
		{D3DF5543-15BA-8330-B291-26BA03846AC5}.Debug|Any CPU.ActiveCfg = Debug|Any CPU
		{D3DF5543-15BA-8330-B291-26BA03846AC5}.Debug|Any CPU.Build.0 = Debug|Any CPU
		{D3DF5543-15BA-8330-B291-26BA03846AC5}.Release|Any CPU.ActiveCfg = Release|Any CPU
		{D3DF5543-15BA-8330-B291-26BA03846AC5}.Release|Any CPU.Build.0 = Release|Any CPU
		{DC3F8C89-0FE0-69F8-2C67-43CB367436BA}.Debug|Any CPU.ActiveCfg = Debug|Any CPU
		{DC3F8C89-0FE0-69F8-2C67-43CB367436BA}.Debug|Any CPU.Build.0 = Debug|Any CPU
		{DC3F8C89-0FE0-69F8-2C67-43CB367436BA}.Release|Any CPU.ActiveCfg = Release|Any CPU
		{DC3F8C89-0FE0-69F8-2C67-43CB367436BA}.Release|Any CPU.Build.0 = Release|Any CPU
		{A795D34A-EB52-DEC5-ED4B-6EC606AE885E}.Debug|Any CPU.ActiveCfg = Debug|Any CPU
		{A795D34A-EB52-DEC5-ED4B-6EC606AE885E}.Debug|Any CPU.Build.0 = Debug|Any CPU
		{A795D34A-EB52-DEC5-ED4B-6EC606AE885E}.Release|Any CPU.ActiveCfg = Release|Any CPU
		{A795D34A-EB52-DEC5-ED4B-6EC606AE885E}.Release|Any CPU.Build.0 = Release|Any CPU
		{DD9A5EE8-EB90-2480-E8E7-436A4DC2B85A}.Debug|Any CPU.ActiveCfg = Debug|Any CPU
		{DD9A5EE8-EB90-2480-E8E7-436A4DC2B85A}.Debug|Any CPU.Build.0 = Debug|Any CPU
		{DD9A5EE8-EB90-2480-E8E7-436A4DC2B85A}.Release|Any CPU.ActiveCfg = Release|Any CPU
		{DD9A5EE8-EB90-2480-E8E7-436A4DC2B85A}.Release|Any CPU.Build.0 = Release|Any CPU
		{4D6C6DF1-C6E4-DA6B-377C-2EB96891CCC7}.Debug|Any CPU.ActiveCfg = Debug|Any CPU
		{4D6C6DF1-C6E4-DA6B-377C-2EB96891CCC7}.Debug|Any CPU.Build.0 = Debug|Any CPU
		{4D6C6DF1-C6E4-DA6B-377C-2EB96891CCC7}.Release|Any CPU.ActiveCfg = Release|Any CPU
		{4D6C6DF1-C6E4-DA6B-377C-2EB96891CCC7}.Release|Any CPU.Build.0 = Release|Any CPU
		{5C18414E-216C-16E7-A0A1-F29FF249FE23}.Debug|Any CPU.ActiveCfg = Debug|Any CPU
		{5C18414E-216C-16E7-A0A1-F29FF249FE23}.Debug|Any CPU.Build.0 = Debug|Any CPU
		{5C18414E-216C-16E7-A0A1-F29FF249FE23}.Release|Any CPU.ActiveCfg = Release|Any CPU
		{5C18414E-216C-16E7-A0A1-F29FF249FE23}.Release|Any CPU.Build.0 = Release|Any CPU
		{9AA3938F-8259-6743-46D2-47AB0CDE9BE8}.Debug|Any CPU.ActiveCfg = Debug|Any CPU
		{9AA3938F-8259-6743-46D2-47AB0CDE9BE8}.Debug|Any CPU.Build.0 = Debug|Any CPU
		{9AA3938F-8259-6743-46D2-47AB0CDE9BE8}.Release|Any CPU.ActiveCfg = Release|Any CPU
		{9AA3938F-8259-6743-46D2-47AB0CDE9BE8}.Release|Any CPU.Build.0 = Release|Any CPU
		{440DBBCF-ECEE-2504-BB8C-E45A6B2BBCCE}.Debug|Any CPU.ActiveCfg = Debug|Any CPU
		{440DBBCF-ECEE-2504-BB8C-E45A6B2BBCCE}.Debug|Any CPU.Build.0 = Debug|Any CPU
		{440DBBCF-ECEE-2504-BB8C-E45A6B2BBCCE}.Release|Any CPU.ActiveCfg = Release|Any CPU
		{440DBBCF-ECEE-2504-BB8C-E45A6B2BBCCE}.Release|Any CPU.Build.0 = Release|Any CPU
		{5C3D19D6-07E7-4B3C-0BDA-41ACDD4E47D1}.Debug|Any CPU.ActiveCfg = Debug|Any CPU
		{5C3D19D6-07E7-4B3C-0BDA-41ACDD4E47D1}.Debug|Any CPU.Build.0 = Debug|Any CPU
		{5C3D19D6-07E7-4B3C-0BDA-41ACDD4E47D1}.Release|Any CPU.ActiveCfg = Release|Any CPU
		{5C3D19D6-07E7-4B3C-0BDA-41ACDD4E47D1}.Release|Any CPU.Build.0 = Release|Any CPU
		{7D328B06-AFE7-7A37-F5FE-F1FC1C1D0BF2}.Debug|Any CPU.ActiveCfg = Debug|Any CPU
		{7D328B06-AFE7-7A37-F5FE-F1FC1C1D0BF2}.Debug|Any CPU.Build.0 = Debug|Any CPU
		{7D328B06-AFE7-7A37-F5FE-F1FC1C1D0BF2}.Release|Any CPU.ActiveCfg = Release|Any CPU
		{7D328B06-AFE7-7A37-F5FE-F1FC1C1D0BF2}.Release|Any CPU.Build.0 = Release|Any CPU
		{791781EC-5F15-10C7-589A-702A489951A8}.Debug|Any CPU.ActiveCfg = Debug|Any CPU
		{791781EC-5F15-10C7-589A-702A489951A8}.Debug|Any CPU.Build.0 = Debug|Any CPU
		{791781EC-5F15-10C7-589A-702A489951A8}.Release|Any CPU.ActiveCfg = Release|Any CPU
		{791781EC-5F15-10C7-589A-702A489951A8}.Release|Any CPU.Build.0 = Release|Any CPU
		{F9A9CE6F-F34C-6940-9A31-7E25A4717DA4}.Debug|Any CPU.ActiveCfg = Debug|Any CPU
		{F9A9CE6F-F34C-6940-9A31-7E25A4717DA4}.Debug|Any CPU.Build.0 = Debug|Any CPU
		{F9A9CE6F-F34C-6940-9A31-7E25A4717DA4}.Release|Any CPU.ActiveCfg = Release|Any CPU
		{F9A9CE6F-F34C-6940-9A31-7E25A4717DA4}.Release|Any CPU.Build.0 = Release|Any CPU
		{C1A8BE70-592A-0647-C8B6-54AB9C2DD30B}.Debug|Any CPU.ActiveCfg = Debug|Any CPU
		{C1A8BE70-592A-0647-C8B6-54AB9C2DD30B}.Debug|Any CPU.Build.0 = Debug|Any CPU
		{C1A8BE70-592A-0647-C8B6-54AB9C2DD30B}.Release|Any CPU.ActiveCfg = Release|Any CPU
		{C1A8BE70-592A-0647-C8B6-54AB9C2DD30B}.Release|Any CPU.Build.0 = Release|Any CPU
		{9589BB4F-C1B3-4D2B-5EF4-240A196017A5}.Debug|Any CPU.ActiveCfg = Debug|Any CPU
		{9589BB4F-C1B3-4D2B-5EF4-240A196017A5}.Debug|Any CPU.Build.0 = Debug|Any CPU
		{9589BB4F-C1B3-4D2B-5EF4-240A196017A5}.Release|Any CPU.ActiveCfg = Release|Any CPU
		{9589BB4F-C1B3-4D2B-5EF4-240A196017A5}.Release|Any CPU.Build.0 = Release|Any CPU
		{613565D4-418A-E54D-D8B3-B8B3D3C7BBE1}.Debug|Any CPU.ActiveCfg = Debug|Any CPU
		{613565D4-418A-E54D-D8B3-B8B3D3C7BBE1}.Debug|Any CPU.Build.0 = Debug|Any CPU
		{613565D4-418A-E54D-D8B3-B8B3D3C7BBE1}.Release|Any CPU.ActiveCfg = Release|Any CPU
		{613565D4-418A-E54D-D8B3-B8B3D3C7BBE1}.Release|Any CPU.Build.0 = Release|Any CPU
		{95346C22-4585-893D-320E-4C304558A22E}.Debug|Any CPU.ActiveCfg = Debug|Any CPU
		{95346C22-4585-893D-320E-4C304558A22E}.Debug|Any CPU.Build.0 = Debug|Any CPU
		{95346C22-4585-893D-320E-4C304558A22E}.Release|Any CPU.ActiveCfg = Release|Any CPU
		{95346C22-4585-893D-320E-4C304558A22E}.Release|Any CPU.Build.0 = Release|Any CPU
		{D4CFAA70-F8F2-EDEA-D7E3-F3B069925F25}.Debug|Any CPU.ActiveCfg = Debug|Any CPU
		{D4CFAA70-F8F2-EDEA-D7E3-F3B069925F25}.Debug|Any CPU.Build.0 = Debug|Any CPU
		{D4CFAA70-F8F2-EDEA-D7E3-F3B069925F25}.Release|Any CPU.ActiveCfg = Release|Any CPU
		{D4CFAA70-F8F2-EDEA-D7E3-F3B069925F25}.Release|Any CPU.Build.0 = Release|Any CPU
		{B8CE385D-E7E1-72A3-2B41-48352DC9936E}.Debug|Any CPU.ActiveCfg = Debug|Any CPU
		{B8CE385D-E7E1-72A3-2B41-48352DC9936E}.Debug|Any CPU.Build.0 = Debug|Any CPU
		{B8CE385D-E7E1-72A3-2B41-48352DC9936E}.Release|Any CPU.ActiveCfg = Release|Any CPU
		{B8CE385D-E7E1-72A3-2B41-48352DC9936E}.Release|Any CPU.Build.0 = Release|Any CPU
		{3B85ECB7-F097-B763-1645-2ECCCDB0EC4B}.Debug|Any CPU.ActiveCfg = Debug|Any CPU
		{3B85ECB7-F097-B763-1645-2ECCCDB0EC4B}.Debug|Any CPU.Build.0 = Debug|Any CPU
		{3B85ECB7-F097-B763-1645-2ECCCDB0EC4B}.Release|Any CPU.ActiveCfg = Release|Any CPU
		{3B85ECB7-F097-B763-1645-2ECCCDB0EC4B}.Release|Any CPU.Build.0 = Release|Any CPU
		{114F12A6-2909-6864-0C29-49360B9CE4D8}.Debug|Any CPU.ActiveCfg = Debug|Any CPU
		{114F12A6-2909-6864-0C29-49360B9CE4D8}.Debug|Any CPU.Build.0 = Debug|Any CPU
		{114F12A6-2909-6864-0C29-49360B9CE4D8}.Release|Any CPU.ActiveCfg = Release|Any CPU
		{114F12A6-2909-6864-0C29-49360B9CE4D8}.Release|Any CPU.Build.0 = Release|Any CPU
		{C885585A-A37F-C626-F543-E7AA672070B1}.Debug|Any CPU.ActiveCfg = Debug|Any CPU
		{C885585A-A37F-C626-F543-E7AA672070B1}.Debug|Any CPU.Build.0 = Debug|Any CPU
		{C885585A-A37F-C626-F543-E7AA672070B1}.Release|Any CPU.ActiveCfg = Release|Any CPU
		{C885585A-A37F-C626-F543-E7AA672070B1}.Release|Any CPU.Build.0 = Release|Any CPU
		{03F76125-D24F-EF97-72D9-B54C304A1493}.Debug|Any CPU.ActiveCfg = Debug|Any CPU
		{03F76125-D24F-EF97-72D9-B54C304A1493}.Debug|Any CPU.Build.0 = Debug|Any CPU
		{03F76125-D24F-EF97-72D9-B54C304A1493}.Release|Any CPU.ActiveCfg = Release|Any CPU
		{03F76125-D24F-EF97-72D9-B54C304A1493}.Release|Any CPU.Build.0 = Release|Any CPU
		{F512B317-A75A-8854-D499-CD9302161B3D}.Debug|Any CPU.ActiveCfg = Debug|Any CPU
		{F512B317-A75A-8854-D499-CD9302161B3D}.Debug|Any CPU.Build.0 = Debug|Any CPU
		{F512B317-A75A-8854-D499-CD9302161B3D}.Release|Any CPU.ActiveCfg = Release|Any CPU
		{F512B317-A75A-8854-D499-CD9302161B3D}.Release|Any CPU.Build.0 = Release|Any CPU
		{9138F3F4-2DE5-A8A4-5BB8-50D299827122}.Debug|Any CPU.ActiveCfg = Debug|Any CPU
		{9138F3F4-2DE5-A8A4-5BB8-50D299827122}.Debug|Any CPU.Build.0 = Debug|Any CPU
		{9138F3F4-2DE5-A8A4-5BB8-50D299827122}.Release|Any CPU.ActiveCfg = Release|Any CPU
		{9138F3F4-2DE5-A8A4-5BB8-50D299827122}.Release|Any CPU.Build.0 = Release|Any CPU
		{D11B1D04-76F4-C33B-0857-BFC4B1B681D3}.Debug|Any CPU.ActiveCfg = Debug|Any CPU
		{D11B1D04-76F4-C33B-0857-BFC4B1B681D3}.Debug|Any CPU.Build.0 = Debug|Any CPU
		{D11B1D04-76F4-C33B-0857-BFC4B1B681D3}.Release|Any CPU.ActiveCfg = Release|Any CPU
		{D11B1D04-76F4-C33B-0857-BFC4B1B681D3}.Release|Any CPU.Build.0 = Release|Any CPU
		{C0B3C94F-3314-A6E2-BE9E-0B64DE1A35AF}.Debug|Any CPU.ActiveCfg = Debug|Any CPU
		{C0B3C94F-3314-A6E2-BE9E-0B64DE1A35AF}.Debug|Any CPU.Build.0 = Debug|Any CPU
		{C0B3C94F-3314-A6E2-BE9E-0B64DE1A35AF}.Release|Any CPU.ActiveCfg = Release|Any CPU
		{C0B3C94F-3314-A6E2-BE9E-0B64DE1A35AF}.Release|Any CPU.Build.0 = Release|Any CPU
		{3CFFFC9B-2D2E-B3AC-18E8-CD5D52E09987}.Debug|Any CPU.ActiveCfg = Debug|Any CPU
		{3CFFFC9B-2D2E-B3AC-18E8-CD5D52E09987}.Debug|Any CPU.Build.0 = Debug|Any CPU
		{3CFFFC9B-2D2E-B3AC-18E8-CD5D52E09987}.Release|Any CPU.ActiveCfg = Release|Any CPU
		{3CFFFC9B-2D2E-B3AC-18E8-CD5D52E09987}.Release|Any CPU.Build.0 = Release|Any CPU
		{3CC08F64-B3FB-3BE5-23CD-47CE97427F30}.Debug|Any CPU.ActiveCfg = Debug|Any CPU
		{3CC08F64-B3FB-3BE5-23CD-47CE97427F30}.Debug|Any CPU.Build.0 = Debug|Any CPU
		{3CC08F64-B3FB-3BE5-23CD-47CE97427F30}.Release|Any CPU.ActiveCfg = Release|Any CPU
		{3CC08F64-B3FB-3BE5-23CD-47CE97427F30}.Release|Any CPU.Build.0 = Release|Any CPU
		{430ED655-9D42-B86A-E384-AAC184112EA1}.Debug|Any CPU.ActiveCfg = Debug|Any CPU
		{430ED655-9D42-B86A-E384-AAC184112EA1}.Debug|Any CPU.Build.0 = Debug|Any CPU
		{430ED655-9D42-B86A-E384-AAC184112EA1}.Release|Any CPU.ActiveCfg = Release|Any CPU
		{430ED655-9D42-B86A-E384-AAC184112EA1}.Release|Any CPU.Build.0 = Release|Any CPU
		{512A2EC8-93A1-5100-D39D-12D7669296E9}.Debug|Any CPU.ActiveCfg = Debug|Any CPU
		{512A2EC8-93A1-5100-D39D-12D7669296E9}.Debug|Any CPU.Build.0 = Debug|Any CPU
		{512A2EC8-93A1-5100-D39D-12D7669296E9}.Release|Any CPU.ActiveCfg = Release|Any CPU
		{512A2EC8-93A1-5100-D39D-12D7669296E9}.Release|Any CPU.Build.0 = Release|Any CPU
		{7D23C5CB-FB0E-14BD-6E40-2A5D2B2A8E79}.Debug|Any CPU.ActiveCfg = Debug|Any CPU
		{7D23C5CB-FB0E-14BD-6E40-2A5D2B2A8E79}.Debug|Any CPU.Build.0 = Debug|Any CPU
		{7D23C5CB-FB0E-14BD-6E40-2A5D2B2A8E79}.Release|Any CPU.ActiveCfg = Release|Any CPU
		{7D23C5CB-FB0E-14BD-6E40-2A5D2B2A8E79}.Release|Any CPU.Build.0 = Release|Any CPU
		{C09EA8A0-B3CC-C598-B802-088F8199A022}.Debug|Any CPU.ActiveCfg = Debug|Any CPU
		{C09EA8A0-B3CC-C598-B802-088F8199A022}.Debug|Any CPU.Build.0 = Debug|Any CPU
		{C09EA8A0-B3CC-C598-B802-088F8199A022}.Release|Any CPU.ActiveCfg = Release|Any CPU
		{C09EA8A0-B3CC-C598-B802-088F8199A022}.Release|Any CPU.Build.0 = Release|Any CPU
		{2895B4D8-4934-2EB4-0591-459E9DBE9E33}.Debug|Any CPU.ActiveCfg = Debug|Any CPU
		{2895B4D8-4934-2EB4-0591-459E9DBE9E33}.Debug|Any CPU.Build.0 = Debug|Any CPU
		{2895B4D8-4934-2EB4-0591-459E9DBE9E33}.Release|Any CPU.ActiveCfg = Release|Any CPU
		{2895B4D8-4934-2EB4-0591-459E9DBE9E33}.Release|Any CPU.Build.0 = Release|Any CPU
		{63943CF7-E43A-7DF9-59BD-93DE5ABA4512}.Debug|Any CPU.ActiveCfg = Debug|Any CPU
		{63943CF7-E43A-7DF9-59BD-93DE5ABA4512}.Debug|Any CPU.Build.0 = Debug|Any CPU
		{63943CF7-E43A-7DF9-59BD-93DE5ABA4512}.Release|Any CPU.ActiveCfg = Release|Any CPU
		{63943CF7-E43A-7DF9-59BD-93DE5ABA4512}.Release|Any CPU.Build.0 = Release|Any CPU
		{5F08E6A2-A62F-22C3-9496-9888168705CE}.Debug|Any CPU.ActiveCfg = Debug|Any CPU
		{5F08E6A2-A62F-22C3-9496-9888168705CE}.Debug|Any CPU.Build.0 = Debug|Any CPU
		{5F08E6A2-A62F-22C3-9496-9888168705CE}.Release|Any CPU.ActiveCfg = Release|Any CPU
		{5F08E6A2-A62F-22C3-9496-9888168705CE}.Release|Any CPU.Build.0 = Release|Any CPU
		{6266C408-9806-3D30-3C81-4E0B7992F25B}.Debug|Any CPU.ActiveCfg = Debug|Any CPU
		{6266C408-9806-3D30-3C81-4E0B7992F25B}.Debug|Any CPU.Build.0 = Debug|Any CPU
		{6266C408-9806-3D30-3C81-4E0B7992F25B}.Release|Any CPU.ActiveCfg = Release|Any CPU
		{6266C408-9806-3D30-3C81-4E0B7992F25B}.Release|Any CPU.Build.0 = Release|Any CPU
		{584C6318-D03A-1FAD-020C-FA0CF716F16B}.Debug|Any CPU.ActiveCfg = Debug|Any CPU
		{584C6318-D03A-1FAD-020C-FA0CF716F16B}.Debug|Any CPU.Build.0 = Debug|Any CPU
		{584C6318-D03A-1FAD-020C-FA0CF716F16B}.Release|Any CPU.ActiveCfg = Release|Any CPU
		{584C6318-D03A-1FAD-020C-FA0CF716F16B}.Release|Any CPU.Build.0 = Release|Any CPU
		{025FB491-9555-DA5C-2324-9B388262FE5B}.Debug|Any CPU.ActiveCfg = Debug|Any CPU
		{025FB491-9555-DA5C-2324-9B388262FE5B}.Debug|Any CPU.Build.0 = Debug|Any CPU
		{025FB491-9555-DA5C-2324-9B388262FE5B}.Release|Any CPU.ActiveCfg = Release|Any CPU
		{025FB491-9555-DA5C-2324-9B388262FE5B}.Release|Any CPU.Build.0 = Release|Any CPU
		{572A2E14-E0B9-5CD9-71C8-F49A7CB0EEE2}.Debug|Any CPU.ActiveCfg = Debug|Any CPU
		{572A2E14-E0B9-5CD9-71C8-F49A7CB0EEE2}.Debug|Any CPU.Build.0 = Debug|Any CPU
		{572A2E14-E0B9-5CD9-71C8-F49A7CB0EEE2}.Release|Any CPU.ActiveCfg = Release|Any CPU
		{572A2E14-E0B9-5CD9-71C8-F49A7CB0EEE2}.Release|Any CPU.Build.0 = Release|Any CPU
		{E5B22769-DEAE-C3CE-6174-B3D0B7CA74A9}.Debug|Any CPU.ActiveCfg = Debug|Any CPU
		{E5B22769-DEAE-C3CE-6174-B3D0B7CA74A9}.Debug|Any CPU.Build.0 = Debug|Any CPU
		{E5B22769-DEAE-C3CE-6174-B3D0B7CA74A9}.Release|Any CPU.ActiveCfg = Release|Any CPU
		{E5B22769-DEAE-C3CE-6174-B3D0B7CA74A9}.Release|Any CPU.Build.0 = Release|Any CPU
		{18858678-A44E-6314-D78A-C9385F0DF10F}.Debug|Any CPU.ActiveCfg = Debug|Any CPU
		{18858678-A44E-6314-D78A-C9385F0DF10F}.Debug|Any CPU.Build.0 = Debug|Any CPU
		{18858678-A44E-6314-D78A-C9385F0DF10F}.Release|Any CPU.ActiveCfg = Release|Any CPU
		{18858678-A44E-6314-D78A-C9385F0DF10F}.Release|Any CPU.Build.0 = Release|Any CPU
		{97D9D829-A999-0676-FD5C-758F13748E59}.Debug|Any CPU.ActiveCfg = Debug|Any CPU
		{97D9D829-A999-0676-FD5C-758F13748E59}.Debug|Any CPU.Build.0 = Debug|Any CPU
		{97D9D829-A999-0676-FD5C-758F13748E59}.Release|Any CPU.ActiveCfg = Release|Any CPU
		{97D9D829-A999-0676-FD5C-758F13748E59}.Release|Any CPU.Build.0 = Release|Any CPU
		{876A42A4-6BDE-FF69-6B55-31920F979EBE}.Debug|Any CPU.ActiveCfg = Debug|Any CPU
		{876A42A4-6BDE-FF69-6B55-31920F979EBE}.Debug|Any CPU.Build.0 = Debug|Any CPU
		{876A42A4-6BDE-FF69-6B55-31920F979EBE}.Release|Any CPU.ActiveCfg = Release|Any CPU
		{876A42A4-6BDE-FF69-6B55-31920F979EBE}.Release|Any CPU.Build.0 = Release|Any CPU
		{2433B006-9E49-69F6-9965-2667E2F8CBE5}.Debug|Any CPU.ActiveCfg = Debug|Any CPU
		{2433B006-9E49-69F6-9965-2667E2F8CBE5}.Debug|Any CPU.Build.0 = Debug|Any CPU
		{2433B006-9E49-69F6-9965-2667E2F8CBE5}.Release|Any CPU.ActiveCfg = Release|Any CPU
		{2433B006-9E49-69F6-9965-2667E2F8CBE5}.Release|Any CPU.Build.0 = Release|Any CPU
		{C2F58A98-44C3-3980-C7D6-1AB58F36EEFE}.Debug|Any CPU.ActiveCfg = Debug|Any CPU
		{C2F58A98-44C3-3980-C7D6-1AB58F36EEFE}.Debug|Any CPU.Build.0 = Debug|Any CPU
		{C2F58A98-44C3-3980-C7D6-1AB58F36EEFE}.Release|Any CPU.ActiveCfg = Release|Any CPU
		{C2F58A98-44C3-3980-C7D6-1AB58F36EEFE}.Release|Any CPU.Build.0 = Release|Any CPU
		{C3063B7B-8900-7BD8-0F17-BEB2BB8E5555}.Debug|Any CPU.ActiveCfg = Debug|Any CPU
		{C3063B7B-8900-7BD8-0F17-BEB2BB8E5555}.Debug|Any CPU.Build.0 = Debug|Any CPU
		{C3063B7B-8900-7BD8-0F17-BEB2BB8E5555}.Release|Any CPU.ActiveCfg = Release|Any CPU
		{C3063B7B-8900-7BD8-0F17-BEB2BB8E5555}.Release|Any CPU.Build.0 = Release|Any CPU
		{BBBC8F18-F411-2470-E3FE-10AC257DB65F}.Debug|Any CPU.ActiveCfg = Debug|Any CPU
		{BBBC8F18-F411-2470-E3FE-10AC257DB65F}.Debug|Any CPU.Build.0 = Debug|Any CPU
		{BBBC8F18-F411-2470-E3FE-10AC257DB65F}.Release|Any CPU.ActiveCfg = Release|Any CPU
		{BBBC8F18-F411-2470-E3FE-10AC257DB65F}.Release|Any CPU.Build.0 = Release|Any CPU
		{C5DAAB86-B3D3-96BD-C393-2FE70770607D}.Debug|Any CPU.ActiveCfg = Debug|Any CPU
		{C5DAAB86-B3D3-96BD-C393-2FE70770607D}.Debug|Any CPU.Build.0 = Debug|Any CPU
		{C5DAAB86-B3D3-96BD-C393-2FE70770607D}.Release|Any CPU.ActiveCfg = Release|Any CPU
		{C5DAAB86-B3D3-96BD-C393-2FE70770607D}.Release|Any CPU.Build.0 = Release|Any CPU
		{E318FC7D-75F0-E7E9-D0CE-03B5893F7195}.Debug|Any CPU.ActiveCfg = Debug|Any CPU
		{E318FC7D-75F0-E7E9-D0CE-03B5893F7195}.Debug|Any CPU.Build.0 = Debug|Any CPU
		{E318FC7D-75F0-E7E9-D0CE-03B5893F7195}.Release|Any CPU.ActiveCfg = Release|Any CPU
		{E318FC7D-75F0-E7E9-D0CE-03B5893F7195}.Release|Any CPU.Build.0 = Release|Any CPU
		{D11F4555-AC28-2206-691A-D6FD4AC34596}.Debug|Any CPU.ActiveCfg = Debug|Any CPU
		{D11F4555-AC28-2206-691A-D6FD4AC34596}.Debug|Any CPU.Build.0 = Debug|Any CPU
		{D11F4555-AC28-2206-691A-D6FD4AC34596}.Release|Any CPU.ActiveCfg = Release|Any CPU
		{D11F4555-AC28-2206-691A-D6FD4AC34596}.Release|Any CPU.Build.0 = Release|Any CPU
		{F99F2D89-1F4B-0D54-EBA2-F51BD8040E32}.Debug|Any CPU.ActiveCfg = Debug|Any CPU
		{F99F2D89-1F4B-0D54-EBA2-F51BD8040E32}.Debug|Any CPU.Build.0 = Debug|Any CPU
		{F99F2D89-1F4B-0D54-EBA2-F51BD8040E32}.Release|Any CPU.ActiveCfg = Release|Any CPU
		{F99F2D89-1F4B-0D54-EBA2-F51BD8040E32}.Release|Any CPU.Build.0 = Release|Any CPU
		{AFB63C66-E762-5161-ECE1-39F8177C817B}.Debug|Any CPU.ActiveCfg = Debug|Any CPU
		{AFB63C66-E762-5161-ECE1-39F8177C817B}.Debug|Any CPU.Build.0 = Debug|Any CPU
		{AFB63C66-E762-5161-ECE1-39F8177C817B}.Release|Any CPU.ActiveCfg = Release|Any CPU
		{AFB63C66-E762-5161-ECE1-39F8177C817B}.Release|Any CPU.Build.0 = Release|Any CPU
		{57635108-6B39-DA7F-DE93-106965BA86C1}.Debug|Any CPU.ActiveCfg = Debug|Any CPU
		{57635108-6B39-DA7F-DE93-106965BA86C1}.Debug|Any CPU.Build.0 = Debug|Any CPU
		{57635108-6B39-DA7F-DE93-106965BA86C1}.Release|Any CPU.ActiveCfg = Release|Any CPU
		{57635108-6B39-DA7F-DE93-106965BA86C1}.Release|Any CPU.Build.0 = Release|Any CPU
		{F99E091D-541E-D7D4-31B3-360D37B60CDD}.Debug|Any CPU.ActiveCfg = Debug|Any CPU
		{F99E091D-541E-D7D4-31B3-360D37B60CDD}.Debug|Any CPU.Build.0 = Debug|Any CPU
		{F99E091D-541E-D7D4-31B3-360D37B60CDD}.Release|Any CPU.ActiveCfg = Release|Any CPU
		{F99E091D-541E-D7D4-31B3-360D37B60CDD}.Release|Any CPU.Build.0 = Release|Any CPU
		{E76B80EB-E256-51E9-40E2-DDE614E1A392}.Debug|Any CPU.ActiveCfg = Debug|Any CPU
		{E76B80EB-E256-51E9-40E2-DDE614E1A392}.Debug|Any CPU.Build.0 = Debug|Any CPU
		{E76B80EB-E256-51E9-40E2-DDE614E1A392}.Release|Any CPU.ActiveCfg = Release|Any CPU
		{E76B80EB-E256-51E9-40E2-DDE614E1A392}.Release|Any CPU.Build.0 = Release|Any CPU
		{F7232413-8F50-139E-D19C-E80015E36804}.Debug|Any CPU.ActiveCfg = Debug|Any CPU
		{F7232413-8F50-139E-D19C-E80015E36804}.Debug|Any CPU.Build.0 = Debug|Any CPU
		{F7232413-8F50-139E-D19C-E80015E36804}.Release|Any CPU.ActiveCfg = Release|Any CPU
		{F7232413-8F50-139E-D19C-E80015E36804}.Release|Any CPU.Build.0 = Release|Any CPU
		{47A8650E-98D2-9A38-780D-D126D7228CA3}.Debug|Any CPU.ActiveCfg = Debug|Any CPU
		{47A8650E-98D2-9A38-780D-D126D7228CA3}.Debug|Any CPU.Build.0 = Debug|Any CPU
		{47A8650E-98D2-9A38-780D-D126D7228CA3}.Release|Any CPU.ActiveCfg = Release|Any CPU
		{47A8650E-98D2-9A38-780D-D126D7228CA3}.Release|Any CPU.Build.0 = Release|Any CPU
		{8711F420-CBF7-D7EE-B1C4-1E0E3B081DB2}.Debug|Any CPU.ActiveCfg = Debug|Any CPU
		{8711F420-CBF7-D7EE-B1C4-1E0E3B081DB2}.Debug|Any CPU.Build.0 = Debug|Any CPU
		{8711F420-CBF7-D7EE-B1C4-1E0E3B081DB2}.Release|Any CPU.ActiveCfg = Release|Any CPU
		{8711F420-CBF7-D7EE-B1C4-1E0E3B081DB2}.Release|Any CPU.Build.0 = Release|Any CPU
		{A2E50D08-E1F1-81F1-54F1-2E26EE1E7DA3}.Debug|Any CPU.ActiveCfg = Debug|Any CPU
		{A2E50D08-E1F1-81F1-54F1-2E26EE1E7DA3}.Debug|Any CPU.Build.0 = Debug|Any CPU
		{A2E50D08-E1F1-81F1-54F1-2E26EE1E7DA3}.Release|Any CPU.ActiveCfg = Release|Any CPU
		{A2E50D08-E1F1-81F1-54F1-2E26EE1E7DA3}.Release|Any CPU.Build.0 = Release|Any CPU
		{B795FC58-ED9B-66EA-7239-9F26F76C7E2F}.Debug|Any CPU.ActiveCfg = Debug|Any CPU
		{B795FC58-ED9B-66EA-7239-9F26F76C7E2F}.Debug|Any CPU.Build.0 = Debug|Any CPU
		{B795FC58-ED9B-66EA-7239-9F26F76C7E2F}.Release|Any CPU.ActiveCfg = Release|Any CPU
		{B795FC58-ED9B-66EA-7239-9F26F76C7E2F}.Release|Any CPU.Build.0 = Release|Any CPU
		{139010C5-F943-5DCE-4E91-3085FF7DEF03}.Debug|Any CPU.ActiveCfg = Debug|Any CPU
		{139010C5-F943-5DCE-4E91-3085FF7DEF03}.Debug|Any CPU.Build.0 = Debug|Any CPU
		{139010C5-F943-5DCE-4E91-3085FF7DEF03}.Release|Any CPU.ActiveCfg = Release|Any CPU
		{139010C5-F943-5DCE-4E91-3085FF7DEF03}.Release|Any CPU.Build.0 = Release|Any CPU
		{DC9861FF-8831-585A-A308-C48F838BD9E7}.Debug|Any CPU.ActiveCfg = Debug|Any CPU
		{DC9861FF-8831-585A-A308-C48F838BD9E7}.Debug|Any CPU.Build.0 = Debug|Any CPU
		{DC9861FF-8831-585A-A308-C48F838BD9E7}.Release|Any CPU.ActiveCfg = Release|Any CPU
		{DC9861FF-8831-585A-A308-C48F838BD9E7}.Release|Any CPU.Build.0 = Release|Any CPU
		{921D98D5-BA8F-1437-66DA-FF1B1D302AA1}.Debug|Any CPU.ActiveCfg = Debug|Any CPU
		{921D98D5-BA8F-1437-66DA-FF1B1D302AA1}.Debug|Any CPU.Build.0 = Debug|Any CPU
		{921D98D5-BA8F-1437-66DA-FF1B1D302AA1}.Release|Any CPU.ActiveCfg = Release|Any CPU
		{921D98D5-BA8F-1437-66DA-FF1B1D302AA1}.Release|Any CPU.Build.0 = Release|Any CPU
		{411F3DDB-3168-65D8-8AFA-1052DAE8E6E9}.Debug|Any CPU.ActiveCfg = Debug|Any CPU
		{411F3DDB-3168-65D8-8AFA-1052DAE8E6E9}.Debug|Any CPU.Build.0 = Debug|Any CPU
		{411F3DDB-3168-65D8-8AFA-1052DAE8E6E9}.Release|Any CPU.ActiveCfg = Release|Any CPU
		{411F3DDB-3168-65D8-8AFA-1052DAE8E6E9}.Release|Any CPU.Build.0 = Release|Any CPU
		{584A2AC0-D5F9-1A66-3D10-F41F266549A1}.Debug|Any CPU.ActiveCfg = Debug|Any CPU
		{584A2AC0-D5F9-1A66-3D10-F41F266549A1}.Debug|Any CPU.Build.0 = Debug|Any CPU
		{584A2AC0-D5F9-1A66-3D10-F41F266549A1}.Release|Any CPU.ActiveCfg = Release|Any CPU
		{584A2AC0-D5F9-1A66-3D10-F41F266549A1}.Release|Any CPU.Build.0 = Release|Any CPU
		{7E241114-9EDF-772A-A563-9510C8FB29E7}.Debug|Any CPU.ActiveCfg = Debug|Any CPU
		{7E241114-9EDF-772A-A563-9510C8FB29E7}.Debug|Any CPU.Build.0 = Debug|Any CPU
		{7E241114-9EDF-772A-A563-9510C8FB29E7}.Release|Any CPU.ActiveCfg = Release|Any CPU
		{7E241114-9EDF-772A-A563-9510C8FB29E7}.Release|Any CPU.Build.0 = Release|Any CPU
		{D793B551-10AC-9635-9C3C-A30BFB493F93}.Debug|Any CPU.ActiveCfg = Debug|Any CPU
		{D793B551-10AC-9635-9C3C-A30BFB493F93}.Debug|Any CPU.Build.0 = Debug|Any CPU
		{D793B551-10AC-9635-9C3C-A30BFB493F93}.Release|Any CPU.ActiveCfg = Release|Any CPU
		{D793B551-10AC-9635-9C3C-A30BFB493F93}.Release|Any CPU.Build.0 = Release|Any CPU
		{0E2E4560-0F09-3139-18E1-8B37CC5F0A86}.Debug|Any CPU.ActiveCfg = Debug|Any CPU
		{0E2E4560-0F09-3139-18E1-8B37CC5F0A86}.Debug|Any CPU.Build.0 = Debug|Any CPU
		{0E2E4560-0F09-3139-18E1-8B37CC5F0A86}.Release|Any CPU.ActiveCfg = Release|Any CPU
		{0E2E4560-0F09-3139-18E1-8B37CC5F0A86}.Release|Any CPU.Build.0 = Release|Any CPU
		{C3C8F274-F518-B53B-902F-EE452B9AD3F8}.Debug|Any CPU.ActiveCfg = Debug|Any CPU
		{C3C8F274-F518-B53B-902F-EE452B9AD3F8}.Debug|Any CPU.Build.0 = Debug|Any CPU
		{C3C8F274-F518-B53B-902F-EE452B9AD3F8}.Release|Any CPU.ActiveCfg = Release|Any CPU
		{C3C8F274-F518-B53B-902F-EE452B9AD3F8}.Release|Any CPU.Build.0 = Release|Any CPU
		{537F704C-7C95-6D21-E01F-523665DDA271}.Debug|Any CPU.ActiveCfg = Debug|Any CPU
		{537F704C-7C95-6D21-E01F-523665DDA271}.Debug|Any CPU.Build.0 = Debug|Any CPU
		{537F704C-7C95-6D21-E01F-523665DDA271}.Release|Any CPU.ActiveCfg = Release|Any CPU
		{537F704C-7C95-6D21-E01F-523665DDA271}.Release|Any CPU.Build.0 = Release|Any CPU
		{14FCD43D-F94A-BDBC-D861-7E6604287F60}.Debug|Any CPU.ActiveCfg = Debug|Any CPU
		{14FCD43D-F94A-BDBC-D861-7E6604287F60}.Debug|Any CPU.Build.0 = Debug|Any CPU
		{14FCD43D-F94A-BDBC-D861-7E6604287F60}.Release|Any CPU.ActiveCfg = Release|Any CPU
		{14FCD43D-F94A-BDBC-D861-7E6604287F60}.Release|Any CPU.Build.0 = Release|Any CPU
		{48955B45-CA5E-D8B9-23AE-FEC1CDE9B119}.Debug|Any CPU.ActiveCfg = Debug|Any CPU
		{48955B45-CA5E-D8B9-23AE-FEC1CDE9B119}.Debug|Any CPU.Build.0 = Debug|Any CPU
		{48955B45-CA5E-D8B9-23AE-FEC1CDE9B119}.Release|Any CPU.ActiveCfg = Release|Any CPU
		{48955B45-CA5E-D8B9-23AE-FEC1CDE9B119}.Release|Any CPU.Build.0 = Release|Any CPU
		{90AA9B63-5FF6-3F07-39C9-D692679A6B4D}.Debug|Any CPU.ActiveCfg = Debug|Any CPU
		{90AA9B63-5FF6-3F07-39C9-D692679A6B4D}.Debug|Any CPU.Build.0 = Debug|Any CPU
		{90AA9B63-5FF6-3F07-39C9-D692679A6B4D}.Release|Any CPU.ActiveCfg = Release|Any CPU
		{90AA9B63-5FF6-3F07-39C9-D692679A6B4D}.Release|Any CPU.Build.0 = Release|Any CPU
		{E91630A3-06BB-FEC5-AE0D-F52DABC8CD29}.Debug|Any CPU.ActiveCfg = Debug|Any CPU
		{E91630A3-06BB-FEC5-AE0D-F52DABC8CD29}.Debug|Any CPU.Build.0 = Debug|Any CPU
		{E91630A3-06BB-FEC5-AE0D-F52DABC8CD29}.Release|Any CPU.ActiveCfg = Release|Any CPU
		{E91630A3-06BB-FEC5-AE0D-F52DABC8CD29}.Release|Any CPU.Build.0 = Release|Any CPU
		{131D8786-3E45-9739-160B-20FB4A5FFADF}.Debug|Any CPU.ActiveCfg = Debug|Any CPU
		{131D8786-3E45-9739-160B-20FB4A5FFADF}.Debug|Any CPU.Build.0 = Debug|Any CPU
		{131D8786-3E45-9739-160B-20FB4A5FFADF}.Release|Any CPU.ActiveCfg = Release|Any CPU
		{131D8786-3E45-9739-160B-20FB4A5FFADF}.Release|Any CPU.Build.0 = Release|Any CPU
		{B35BE9FB-4F85-4B98-B69E-6535055D09C3}.Debug|Any CPU.ActiveCfg = Debug|Any CPU
		{B35BE9FB-4F85-4B98-B69E-6535055D09C3}.Debug|Any CPU.Build.0 = Debug|Any CPU
		{B35BE9FB-4F85-4B98-B69E-6535055D09C3}.Release|Any CPU.ActiveCfg = Release|Any CPU
		{B35BE9FB-4F85-4B98-B69E-6535055D09C3}.Release|Any CPU.Build.0 = Release|Any CPU
		{23F19A3C-678C-2404-3AC1-4B800E2EB142}.Debug|Any CPU.ActiveCfg = Debug|Any CPU
		{23F19A3C-678C-2404-3AC1-4B800E2EB142}.Debug|Any CPU.Build.0 = Debug|Any CPU
		{23F19A3C-678C-2404-3AC1-4B800E2EB142}.Release|Any CPU.ActiveCfg = Release|Any CPU
		{23F19A3C-678C-2404-3AC1-4B800E2EB142}.Release|Any CPU.Build.0 = Release|Any CPU
		{05D0E70C-51AB-9A7C-ABD4-E7DABD161586}.Debug|Any CPU.ActiveCfg = Debug|Any CPU
		{05D0E70C-51AB-9A7C-ABD4-E7DABD161586}.Debug|Any CPU.Build.0 = Debug|Any CPU
		{05D0E70C-51AB-9A7C-ABD4-E7DABD161586}.Release|Any CPU.ActiveCfg = Release|Any CPU
		{05D0E70C-51AB-9A7C-ABD4-E7DABD161586}.Release|Any CPU.Build.0 = Release|Any CPU
		{5C8D312C-2188-E30A-894C-4D7A03C41119}.Debug|Any CPU.ActiveCfg = Debug|Any CPU
		{5C8D312C-2188-E30A-894C-4D7A03C41119}.Debug|Any CPU.Build.0 = Debug|Any CPU
		{5C8D312C-2188-E30A-894C-4D7A03C41119}.Release|Any CPU.ActiveCfg = Release|Any CPU
		{5C8D312C-2188-E30A-894C-4D7A03C41119}.Release|Any CPU.Build.0 = Release|Any CPU
		{95DF33E9-7691-90FC-59DA-4D2CF8240C4E}.Debug|Any CPU.ActiveCfg = Debug|Any CPU
		{95DF33E9-7691-90FC-59DA-4D2CF8240C4E}.Debug|Any CPU.Build.0 = Debug|Any CPU
		{95DF33E9-7691-90FC-59DA-4D2CF8240C4E}.Release|Any CPU.ActiveCfg = Release|Any CPU
		{95DF33E9-7691-90FC-59DA-4D2CF8240C4E}.Release|Any CPU.Build.0 = Release|Any CPU
		{A547A2C0-1C0D-D154-E641-5E81F2550803}.Debug|Any CPU.ActiveCfg = Debug|Any CPU
		{A547A2C0-1C0D-D154-E641-5E81F2550803}.Debug|Any CPU.Build.0 = Debug|Any CPU
		{A547A2C0-1C0D-D154-E641-5E81F2550803}.Release|Any CPU.ActiveCfg = Release|Any CPU
		{A547A2C0-1C0D-D154-E641-5E81F2550803}.Release|Any CPU.Build.0 = Release|Any CPU
		{E7AA79F9-88E1-7288-A8DD-A810758DDD30}.Debug|Any CPU.ActiveCfg = Debug|Any CPU
		{E7AA79F9-88E1-7288-A8DD-A810758DDD30}.Debug|Any CPU.Build.0 = Debug|Any CPU
		{E7AA79F9-88E1-7288-A8DD-A810758DDD30}.Release|Any CPU.ActiveCfg = Release|Any CPU
		{E7AA79F9-88E1-7288-A8DD-A810758DDD30}.Release|Any CPU.Build.0 = Release|Any CPU
		{C94F854A-082D-2C3D-0313-375645D33AB1}.Debug|Any CPU.ActiveCfg = Debug|Any CPU
		{C94F854A-082D-2C3D-0313-375645D33AB1}.Debug|Any CPU.Build.0 = Debug|Any CPU
		{C94F854A-082D-2C3D-0313-375645D33AB1}.Release|Any CPU.ActiveCfg = Release|Any CPU
		{C94F854A-082D-2C3D-0313-375645D33AB1}.Release|Any CPU.Build.0 = Release|Any CPU
		{9F886946-3FA6-C92E-5323-D28168EB6EBA}.Debug|Any CPU.ActiveCfg = Debug|Any CPU
		{9F886946-3FA6-C92E-5323-D28168EB6EBA}.Debug|Any CPU.Build.0 = Debug|Any CPU
		{9F886946-3FA6-C92E-5323-D28168EB6EBA}.Release|Any CPU.ActiveCfg = Release|Any CPU
		{9F886946-3FA6-C92E-5323-D28168EB6EBA}.Release|Any CPU.Build.0 = Release|Any CPU
		{9BD92CEE-9984-7338-C4E0-FF3A1ABD3F37}.Debug|Any CPU.ActiveCfg = Debug|Any CPU
		{9BD92CEE-9984-7338-C4E0-FF3A1ABD3F37}.Debug|Any CPU.Build.0 = Debug|Any CPU
		{9BD92CEE-9984-7338-C4E0-FF3A1ABD3F37}.Release|Any CPU.ActiveCfg = Release|Any CPU
		{9BD92CEE-9984-7338-C4E0-FF3A1ABD3F37}.Release|Any CPU.Build.0 = Release|Any CPU
		{936B6DB4-4E9B-821B-4575-7E0C1A2F6274}.Debug|Any CPU.ActiveCfg = Debug|Any CPU
		{936B6DB4-4E9B-821B-4575-7E0C1A2F6274}.Debug|Any CPU.Build.0 = Debug|Any CPU
		{936B6DB4-4E9B-821B-4575-7E0C1A2F6274}.Release|Any CPU.ActiveCfg = Release|Any CPU
		{936B6DB4-4E9B-821B-4575-7E0C1A2F6274}.Release|Any CPU.Build.0 = Release|Any CPU
	EndGlobalSection
	GlobalSection(SolutionProperties) = preSolution
		HideSolutionNode = FALSE
	EndGlobalSection
EndGlobal
